PODS:
  - Amplify (1.9.2):
    - Amplify/Default (= 1.9.2)
  - Amplify/Default (1.9.2)
  - AmplifyPlugins/AWSAPIPlugin (1.9.2):
    - AppSyncRealTimeClient (~> 1.4)
    - AWSCore (~> 2.24.0)
    - AWSPluginsCore (= 1.9.2)
  - AmplifyPlugins/AWSCognitoAuthPlugin (1.9.2):
    - AWSAuthCore (~> 2.24.0)
    - AWSCognitoIdentityProvider (~> 2.24.0)
    - AWSCognitoIdentityProviderASF (~> 2.24.0)
    - AWSCore (~> 2.24.0)
    - AWSMobileClient (~> 2.24.0)
    - AWSPluginsCore (= 1.9.2)
  - AmplifyPlugins/AWSDataStorePlugin (1.9.2):
    - AWSCore (~> 2.24.0)
    - AWSPluginsCore (= 1.9.2)
    - SQLite.swift (= 0.12.2)
  - AppSyncRealTimeClient (1.5.0):
    - Starscream (~> 3.1.1)
  - AWSAuthCore (2.24.1):
    - AWSCore (= 2.24.1)
  - AWSCognitoIdentityProvider (2.24.1):
    - AWSCognitoIdentityProviderASF (= 2.24.1)
    - AWSCore (= 2.24.1)
  - AWSCognitoIdentityProviderASF (2.24.1)
  - AWSCore (2.24.1)
  - AWSLocation (2.24.1):
    - AWSCore (= 2.24.1)
  - AWSMobileClient (2.24.1):
    - AWSAuthCore (= 2.24.1)
    - AWSCognitoIdentityProvider (= 2.24.1)
    - AWSCognitoIdentityProviderASF (= 2.24.1)
    - AWSCore (= 2.24.1)
  - AWSPluginsCore (1.9.2):
    - Amplify (= 1.9.2)
    - AWSCore (~> 2.24.0)
  - SQLite.swift (0.12.2):
    - SQLite.swift/standard (= 0.12.2)
  - SQLite.swift/standard (0.12.2)
  - Starscream (3.1.1)

DEPENDENCIES:
  - Amplify
  - AmplifyPlugins/AWSAPIPlugin
  - AmplifyPlugins/AWSCognitoAuthPlugin
  - AmplifyPlugins/AWSDataStorePlugin
  - AWSCore
  - AWSLocation
  - AWSMobileClient

SPEC REPOS:
  trunk:
    - Amplify
    - AmplifyPlugins
    - AppSyncRealTimeClient
    - AWSAuthCore
    - AWSCognitoIdentityProvider
    - AWSCognitoIdentityProviderASF
    - AWSCore
    - AWSLocation
    - AWSMobileClient
    - AWSPluginsCore
    - SQLite.swift
    - Starscream

SPEC CHECKSUMS:
  Amplify: 16dcca0275599bc3fa0bb19a02259f058a9f0c45
  AmplifyPlugins: 47df46f4e03b0d34c953f6348f13fe0381537c9f
  AppSyncRealTimeClient: 2b4482b1770a3e5cf64f9714a6d198550017b5a2
  AWSAuthCore: a4400758dd1467e655bd859ee87aab1888ec9a4d
  AWSCognitoIdentityProvider: ee2baffabe894407f5da7cd43aee7a0608680c24
  AWSCognitoIdentityProviderASF: ffc62276197db5c41d8f7ce952443fb29e2967cc
  AWSCore: f6cfada8b48d569c11b94e49e8fb184b9c1a2e7e
  AWSLocation: 8848ccf5ae87d00cd9f688c8c85e30b5baab2d72
  AWSMobileClient: b39ba2044701c4d013814bab148550d10b47f8b3
  AWSPluginsCore: dcedd6826f38917f6b8bc11f261abb0fc0eb2977
  SQLite.swift: d2b4642190917051ce6bd1d49aab565fe794eea3
  Starscream: 4bb2f9942274833f7b4d296a55504dcfc7edb7b0

PODFILE CHECKSUM: 2f8f82a3fb09357ea554ad16c1eff7893f43adbf

COCOAPODS: 1.10.1
